
Microsoft Visual Studio Solution File, Format Version 12.00
# Visual Studio Version 17
VisualStudioVersion = 17.4.33110.190
MinimumVisualStudioVersion = 10.0.40219.1
Project("{888888A0-9F3D-457C-B088-3A5042F75D52}") = "千住九龍", "千住九龍\千住九龍.pyproj", "{9C76A3F5-D9D4-45CE-99D6-C4CE7A262D8D}"
EndProject
Global
	GlobalSection(SolutionConfigurationPlatforms) = preSolution
		Debug|Any CPU = Debug|Any CPU
		Release|Any CPU = Release|Any CPU
	EndGlobalSection
	GlobalSection(ProjectConfigurationPlatforms) = postSolution
		{9C76A3F5-D9D4-45CE-99D6-C4CE7A262D8D}.Debug|Any CPU.ActiveCfg = Debug|Any CPU
		{9C76A3F5-D9D4-45CE-99D6-C4CE7A262D8D}.Debug|Any CPU.Build.0 = Debug|Any CPU
		{9C76A3F5-D9D4-45CE-99D6-C4CE7A262D8D}.Release|Any CPU.ActiveCfg = Release|Any CPU
		{9C76A3F5-D9D4-45CE-99D6-C4CE7A262D8D}.Release|Any CPU.Build.0 = Release|Any CPU
	EndGlobalSection
	GlobalSection(SolutionProperties) = preSolution
		HideSolutionNode = FALSE
	EndGlobalSection
	GlobalSection(ExtensibilityGlobals) = postSolution
		SolutionGuid = {56FFDCE7-7178-45B4-B5DD-829B4DD2FD3A}
	EndGlobalSection
EndGlobal
